
Microsoft Visual Studio Solution File, Format Version 12.00
Project("{2150E333-8FDC-42A3-9474-1A3956D46DE8}") = "Server", "Server", "{4F1FCFA6-967C-4D63-8EA6-21DAD14D1961}"
EndProject
Project("{FAE04EC0-301F-11D3-BF4B-00C04F79EFBC}") = "Entities", "..\Assignment1DNP_AC\Server\Entities\Entities.csproj", "{501F528E-820B-439B-875B-3D7075DEDD77}"
EndProject
Project("{FAE04EC0-301F-11D3-BF4B-00C04F79EFBC}") = "RepositoryContracts", "RepositoryContracts\RepositoryContracts.csproj", "{610F2BD1-4EBD-44F7-84FE-C7BA92C101AA}"
EndProject
Project("{FAE04EC0-301F-11D3-BF4B-00C04F79EFBC}") = "CLI", "CLI\CLI.csproj", "{6FB8FBEE-5F7A-4714-BCE3-DA7A279498F2}"
EndProject
Project("{FAE04EC0-301F-11D3-BF4B-00C04F79EFBC}") = "FileRepository", "FileRepository\FileRepository.csproj", "{73839A8A-52FC-46B0-B0FD-38C43F862601}"
EndProject
Project("{2150E333-8FDC-42A3-9474-1A3956D46DE8}") = "Shared", "Shared", "{15128BD5-7B78-4954-99B6-7A0C1B9B8C12}"
EndProject
Project("{FAE04EC0-301F-11D3-BF4B-00C04F79EFBC}") = "ApiContracts", "ApiContracts\ApiContracts.csproj", "{7BDDBAE3-23E3-4C94-AD6B-6D497FC290E3}"
EndProject
Project("{FAE04EC0-301F-11D3-BF4B-00C04F79EFBC}") = "WebAPI", "WebAPI\WebAPI.csproj", "{BD4FCA3E-B7B7-43D7-A01E-05F222E80529}"
EndProject
Project("{2150E333-8FDC-42A3-9474-1A3956D46DE8}") = "Client", "Client", "{72F7394A-BC4E-4148-B741-460CF5163BD3}"
EndProject
Project("{FAE04EC0-301F-11D3-BF4B-00C04F79EFBC}") = "BlazorApp", "BlazorApp\BlazorApp.csproj", "{361873B7-A5E3-4350-8ACF-ECD88A0598B9}"
EndProject
Global
	GlobalSection(SolutionConfigurationPlatforms) = preSolution
		Debug|Any CPU = Debug|Any CPU
		Release|Any CPU = Release|Any CPU
	EndGlobalSection
	GlobalSection(NestedProjects) = preSolution
		{501F528E-820B-439B-875B-3D7075DEDD77} = {4F1FCFA6-967C-4D63-8EA6-21DAD14D1961}
		{610F2BD1-4EBD-44F7-84FE-C7BA92C101AA} = {4F1FCFA6-967C-4D63-8EA6-21DAD14D1961}
		{6FB8FBEE-5F7A-4714-BCE3-DA7A279498F2} = {4F1FCFA6-967C-4D63-8EA6-21DAD14D1961}
		{73839A8A-52FC-46B0-B0FD-38C43F862601} = {4F1FCFA6-967C-4D63-8EA6-21DAD14D1961}
		{7BDDBAE3-23E3-4C94-AD6B-6D497FC290E3} = {15128BD5-7B78-4954-99B6-7A0C1B9B8C12}
		{BD4FCA3E-B7B7-43D7-A01E-05F222E80529} = {4F1FCFA6-967C-4D63-8EA6-21DAD14D1961}
		{361873B7-A5E3-4350-8ACF-ECD88A0598B9} = {72F7394A-BC4E-4148-B741-460CF5163BD3}
	EndGlobalSection
	GlobalSection(ProjectConfigurationPlatforms) = postSolution
		{501F528E-820B-439B-875B-3D7075DEDD77}.Debug|Any CPU.ActiveCfg = Debug|Any CPU
		{501F528E-820B-439B-875B-3D7075DEDD77}.Debug|Any CPU.Build.0 = Debug|Any CPU
		{501F528E-820B-439B-875B-3D7075DEDD77}.Release|Any CPU.ActiveCfg = Release|Any CPU
		{501F528E-820B-439B-875B-3D7075DEDD77}.Release|Any CPU.Build.0 = Release|Any CPU
		{610F2BD1-4EBD-44F7-84FE-C7BA92C101AA}.Debug|Any CPU.ActiveCfg = Debug|Any CPU
		{610F2BD1-4EBD-44F7-84FE-C7BA92C101AA}.Debug|Any CPU.Build.0 = Debug|Any CPU
		{610F2BD1-4EBD-44F7-84FE-C7BA92C101AA}.Release|Any CPU.ActiveCfg = Release|Any CPU
		{610F2BD1-4EBD-44F7-84FE-C7BA92C101AA}.Release|Any CPU.Build.0 = Release|Any CPU
		{6FB8FBEE-5F7A-4714-BCE3-DA7A279498F2}.Debug|Any CPU.ActiveCfg = Debug|Any CPU
		{6FB8FBEE-5F7A-4714-BCE3-DA7A279498F2}.Debug|Any CPU.Build.0 = Debug|Any CPU
		{6FB8FBEE-5F7A-4714-BCE3-DA7A279498F2}.Release|Any CPU.ActiveCfg = Release|Any CPU
		{6FB8FBEE-5F7A-4714-BCE3-DA7A279498F2}.Release|Any CPU.Build.0 = Release|Any CPU
		{73839A8A-52FC-46B0-B0FD-38C43F862601}.Debug|Any CPU.ActiveCfg = Debug|Any CPU
		{73839A8A-52FC-46B0-B0FD-38C43F862601}.Debug|Any CPU.Build.0 = Debug|Any CPU
		{73839A8A-52FC-46B0-B0FD-38C43F862601}.Release|Any CPU.ActiveCfg = Release|Any CPU
		{73839A8A-52FC-46B0-B0FD-38C43F862601}.Release|Any CPU.Build.0 = Release|Any CPU
		{7BDDBAE3-23E3-4C94-AD6B-6D497FC290E3}.Debug|Any CPU.ActiveCfg = Debug|Any CPU
		{7BDDBAE3-23E3-4C94-AD6B-6D497FC290E3}.Debug|Any CPU.Build.0 = Debug|Any CPU
		{7BDDBAE3-23E3-4C94-AD6B-6D497FC290E3}.Release|Any CPU.ActiveCfg = Release|Any CPU
		{7BDDBAE3-23E3-4C94-AD6B-6D497FC290E3}.Release|Any CPU.Build.0 = Release|Any CPU
		{BD4FCA3E-B7B7-43D7-A01E-05F222E80529}.Debug|Any CPU.ActiveCfg = Debug|Any CPU
		{BD4FCA3E-B7B7-43D7-A01E-05F222E80529}.Debug|Any CPU.Build.0 = Debug|Any CPU
		{BD4FCA3E-B7B7-43D7-A01E-05F222E80529}.Release|Any CPU.ActiveCfg = Release|Any CPU
		{BD4FCA3E-B7B7-43D7-A01E-05F222E80529}.Release|Any CPU.Build.0 = Release|Any CPU
		{361873B7-A5E3-4350-8ACF-ECD88A0598B9}.Debug|Any CPU.ActiveCfg = Debug|Any CPU
		{361873B7-A5E3-4350-8ACF-ECD88A0598B9}.Debug|Any CPU.Build.0 = Debug|Any CPU
		{361873B7-A5E3-4350-8ACF-ECD88A0598B9}.Release|Any CPU.ActiveCfg = Release|Any CPU
		{361873B7-A5E3-4350-8ACF-ECD88A0598B9}.Release|Any CPU.Build.0 = Release|Any CPU
	EndGlobalSection
EndGlobal
